<?xml version="1.0" encoding="utf-8"?>
<Project ToolsVersion="4.0" xmlns="http://schemas.microsoft.com/developer/msbuild/2003">
  <ItemGroup>
    <Filter Include="Source Files">
      <UniqueIdentifier>{4FC737F1-C7A5-4376-A066-2A32D752A2FF}</UniqueIdentifier>
      <Extensions>cpp;c;cc;cxx;def;odl;idl;hpj;bat;asm;asmx</Extensions>
    </Filter>
    <Filter Include="Header Files">
      <UniqueIdentifier>{93995380-89BD-4b04-88EB-625FBE52EBFB}</UniqueIdentifier>
      <Extensions>h;hh;hpp;hxx;hm;inl;inc;xsd</Extensions>
    </Filter>
    <Filter Include="Resource Files">
      <UniqueIdentifier>{67DA6AB6-F800-4c08-8B7A-83BB121AAD01}</UniqueIdentifier>
      <Extensions>qrc;rc;ico;cur;bmp;dlg;rc2;rct;bin;rgs;gif;jpg;jpeg;jpe;resx;tiff;tif;png;wav;mfcribbon-ms</Extensions>
    </Filter>
    <Filter Include="Form Files">
      <UniqueIdentifier>{99349809-55BA-4b9d-BF79-8FDBB0286EB3}</UniqueIdentifier>
      <Extensions>ui</Extensions>
    </Filter>
    <Filter Include="Translation Files">
      <UniqueIdentifier>{639EADAA-A684-42e4-A9AD-28FC9BCB8F7C}</UniqueIdentifier>
      <Extensions>ts</Extensions>
    </Filter>
    <Filter Include="Header Files\ResSite">
      <UniqueIdentifier>{f7e443a1-d98e-408d-8281-a067d1fbecf6}</UniqueIdentifier>
    </Filter>
    <Filter Include="Header Files\ResSite\TorrentSite">
      <UniqueIdentifier>{62e9c0bb-1c04-4d89-9350-ea21f1d4c87d}</UniqueIdentifier>
    </Filter>
    <Filter Include="Header Files\ResSite\ConsoleRomSite">
      <UniqueIdentifier>{da80347f-eef5-48bf-b472-349a51d1571e}</UniqueIdentifier>
    </Filter>
    <Filter Include="Source Files\ResStie">
      <UniqueIdentifier>{286cca81-c769-4a6f-bd54-1d312f5a0002}</UniqueIdentifier>
    </Filter>
    <Filter Include="Source Files\ResStie\ConsoleRomSite">
      <UniqueIdentifier>{73bb9f24-2001-4023-b11b-1ed87b427a3b}</UniqueIdentifier>
    </Filter>
    <Filter Include="Source Files\ResStie\TorrentSite">
      <UniqueIdentifier>{c1585f09-2a3f-4b89-809c-adfbb77d83a8}</UniqueIdentifier>
    </Filter>
    <Filter Include="Header Files\SubscribeSite">
      <UniqueIdentifier>{12d1890a-d493-4089-b671-b645ff8c8f6b}</UniqueIdentifier>
    </Filter>
    <Filter Include="Source Files\SubscribeSite">
      <UniqueIdentifier>{044ddd1c-65b6-4a07-8060-63621075fda0}</UniqueIdentifier>
    </Filter>
  </ItemGroup>
  <ItemGroup>
    <ClCompile Include="main.cpp">
      <Filter>Source Files</Filter>
    </ClCompile>
    <ClCompile Include="src\MainWindow.cpp">
      <Filter>Source Files</Filter>
    </ClCompile>
    <ClCompile Include="src\QMLList.cpp">
      <Filter>Source Files</Filter>
    </ClCompile>
    <ClCompile Include="src\HttpConn.cpp">
      <Filter>Source Files</Filter>
    </ClCompile>
    <ClCompile Include="src\ResSite\TorrentSite\BTSOW.cpp">
      <Filter>Source Files\ResStie\TorrentSite</Filter>
    </ClCompile>
    <ClCompile Include="src\ResSite\ConsoleRomSite\CoolRom.cpp">
      <Filter>Source Files\ResStie\ConsoleRomSite</Filter>
    </ClCompile>
    <ClCompile Include="src\ResSite\ConsoleRomSite\EdgeEmu.cpp">
      <Filter>Source Files\ResStie\ConsoleRomSite</Filter>
    </ClCompile>
    <ClCompile Include="src\ResSite\TorrentSite\SOBT.cpp">
      <Filter>Source Files\ResStie\TorrentSite</Filter>
    </ClCompile>
    <ClCompile Include="src\SubscribeSite\Retroarch.cpp">
      <Filter>Source Files\SubscribeSite</Filter>
    </ClCompile>
    <ClCompile Include="src\SubscribeSite\SubscribeSite.cpp">
      <Filter>Source Files\SubscribeSite</Filter>
    </ClCompile>
    <ClCompile Include="src\ResSite\ResSite.cpp">
      <Filter>Source Files\ResStie</Filter>
    </ClCompile>
  </ItemGroup>
  <ItemGroup>
    <QtMoc Include="include\MainWindow.h">
      <Filter>Header Files</Filter>
    </QtMoc>
    <QtMoc Include="include\QMLList.h">
      <Filter>Header Files</Filter>
    </QtMoc>
    <QtMoc Include="include\ResSite\ResSite.h">
      <Filter>Header Files\ResSite</Filter>
    </QtMoc>
  </ItemGroup>
  <ItemGroup>
    <QtRcc Include="res\MainWindow.qrc">
      <Filter>Resource Files</Filter>
    </QtRcc>
  </ItemGroup>
  <ItemGroup>
    <None Include="res\MainWindow.qml">
      <Filter>Form Files</Filter>
    </None>
  </ItemGroup>
  <ItemGroup>
    <ClInclude Include="include\QMLListTypes.h">
      <Filter>Header Files</Filter>
    </ClInclude>
    <ClInclude Include="include\HttpConn.h">
      <Filter>Header Files</Filter>
    </ClInclude>
    <ClInclude Include="include\ResSite\TorrentSite.h">
      <Filter>Header Files\ResSite</Filter>
    </ClInclude>
    <ClInclude Include="include\ResSite\TorrentSite\BTSOW.h">
      <Filter>Header Files\ResSite\TorrentSite</Filter>
    </ClInclude>
    <ClInclude Include="include\ResSite\ConsoleRomSite.h">
      <Filter>Header Files\ResSite</Filter>
    </ClInclude>
    <ClInclude Include="include\ResSite\ConsoleRomSite\CoolRom.h">
      <Filter>Header Files\ResSite\ConsoleRomSite</Filter>
    </ClInclude>
    <ClInclude Include="include\ResSite\ConsoleRomSite\EdgeEmu.h">
      <Filter>Header Files\ResSite\ConsoleRomSite</Filter>
    </ClInclude>
    <ClInclude Include="include\ToolBox.h">
      <Filter>Header Files</Filter>
    </ClInclude>
    <ClInclude Include="include\ResSite\SiteFactory.h">
      <Filter>Header Files\ResSite</Filter>
    </ClInclude>
    <ClInclude Include="include\ResSite\TorrentSite\SOBT.h">
      <Filter>Header Files\ResSite\TorrentSite</Filter>
    </ClInclude>
    <ClInclude Include="resource.h">
      <Filter>Header Files</Filter>
    </ClInclude>
    <ClInclude Include="include\SubscribeSite\Retroarch.h">
      <Filter>Header Files\SubscribeSite</Filter>
    </ClInclude>
    <ClInclude Include="include\SubscribeSite\SubscribeFactory.h">
      <Filter>Header Files\SubscribeSite</Filter>
    </ClInclude>
    <ClInclude Include="include\SubscribeSite\SubscribeSite.h">
      <Filter>Header Files\SubscribeSite</Filter>
    </ClInclude>
  </ItemGroup>
  <ItemGroup>
    <ResourceCompile Include="HyperSearch.rc">
      <Filter>Resource Files</Filter>
    </ResourceCompile>
  </ItemGroup>
  <ItemGroup>
    <Image Include="icon.ico">
      <Filter>Resource Files</Filter>
    </Image>
  </ItemGroup>
</Project>